// !$*UTF8*$!
{
	archiveVersion = 1;
	classes = {
	};
	objectVersion = 55;
	objects = {

/* Begin PBXBuildFile section */
		CF0431E22773A202008A6FE1 /* AttributedStringFeedbackApp.swift in Sources */ = {isa = PBXBuildFile; fileRef = CF0431E12773A202008A6FE1 /* AttributedStringFeedbackApp.swift */; };
		CF0431E42773A202008A6FE1 /* ContentView.swift in Sources */ = {isa = PBXBuildFile; fileRef = CF0431E32773A202008A6FE1 /* ContentView.swift */; };
		CF0431E62773A203008A6FE1 /* Assets.xcassets in Resources */ = {isa = PBXBuildFile; fileRef = CF0431E52773A203008A6FE1 /* Assets.xcassets */; };
		CF0431E92773A203008A6FE1 /* Preview Assets.xcassets in Resources */ = {isa = PBXBuildFile; fileRef = CF0431E82773A203008A6FE1 /* Preview Assets.xcassets */; };
		CF0431F02773A266008A6FE1 /* AttributedStringIPAView.swift in Sources */ = {isa = PBXBuildFile; fileRef = CF0431EF2773A266008A6FE1 /* AttributedStringIPAView.swift */; };
		CF0431FA2773A538008A6FE1 /* WidgetKit.framework in Frameworks */ = {isa = PBXBuildFile; fileRef = CF0431F92773A538008A6FE1 /* WidgetKit.framework */; };
		CF0431FC2773A538008A6FE1 /* SwiftUI.framework in Frameworks */ = {isa = PBXBuildFile; fileRef = CF0431FB2773A538008A6FE1 /* SwiftUI.framework */; };
		CF0431FF2773A538008A6FE1 /* AttributedStringFeedbackWidget.swift in Sources */ = {isa = PBXBuildFile; fileRef = CF0431FE2773A538008A6FE1 /* AttributedStringFeedbackWidget.swift */; };
		CF0432022773A53A008A6FE1 /* Assets.xcassets in Resources */ = {isa = PBXBuildFile; fileRef = CF0432012773A53A008A6FE1 /* Assets.xcassets */; };
		CF0432042773A53A008A6FE1 /* AttributedStringFeedbackWidget.intentdefinition in Sources */ = {isa = PBXBuildFile; fileRef = CF0432002773A538008A6FE1 /* AttributedStringFeedbackWidget.intentdefinition */; };
		CF0432052773A53A008A6FE1 /* AttributedStringFeedbackWidget.intentdefinition in Sources */ = {isa = PBXBuildFile; fileRef = CF0432002773A538008A6FE1 /* AttributedStringFeedbackWidget.intentdefinition */; };
		CF0432082773A53A008A6FE1 /* AttributedStringFeedbackWidgetExtension.appex in Embed App Extensions */ = {isa = PBXBuildFile; fileRef = CF0431F72773A538008A6FE1 /* AttributedStringFeedbackWidgetExtension.appex */; settings = {ATTRIBUTES = (RemoveHeadersOnCopy, ); }; };
		CF0432112773AE27008A6FE1 /* BrokenCharacters.swift in Sources */ = {isa = PBXBuildFile; fileRef = CF0432102773AE27008A6FE1 /* BrokenCharacters.swift */; };
		CF0432132773B799008A6FE1 /* AttributedStringIPAWidgetView.swift in Sources */ = {isa = PBXBuildFile; fileRef = CF0432122773B789008A6FE1 /* AttributedStringIPAWidgetView.swift */; };
/* End PBXBuildFile section */

/* Begin PBXContainerItemProxy section */
		CF0432062773A53A008A6FE1 /* PBXContainerItemProxy */ = {
			isa = PBXContainerItemProxy;
			containerPortal = CF0431D62773A201008A6FE1 /* Project object */;
			proxyType = 1;
			remoteGlobalIDString = CF0431F62773A538008A6FE1;
			remoteInfo = AttributedStringFeedbackWidgetExtension;
		};
/* End PBXContainerItemProxy section */

/* Begin PBXCopyFilesBuildPhase section */
		CF04320C2773A53A008A6FE1 /* Embed App Extensions */ = {
			isa = PBXCopyFilesBuildPhase;
			buildActionMask = 2147483647;
			dstPath = "";
			dstSubfolderSpec = 13;
			files = (
				CF0432082773A53A008A6FE1 /* AttributedStringFeedbackWidgetExtension.appex in Embed App Extensions */,
			);
			name = "Embed App Extensions";
			runOnlyForDeploymentPostprocessing = 0;
		};
/* End PBXCopyFilesBuildPhase section */

/* Begin PBXFileReference section */
		CF0431DE2773A202008A6FE1 /* AttributedStringFeedback.app */ = {isa = PBXFileReference; explicitFileType = wrapper.application; includeInIndex = 0; path = AttributedStringFeedback.app; sourceTree = BUILT_PRODUCTS_DIR; };
		CF0431E12773A202008A6FE1 /* AttributedStringFeedbackApp.swift */ = {isa = PBXFileReference; lastKnownFileType = sourcecode.swift; path = AttributedStringFeedbackApp.swift; sourceTree = "<group>"; };
		CF0431E32773A202008A6FE1 /* ContentView.swift */ = {isa = PBXFileReference; lastKnownFileType = sourcecode.swift; path = ContentView.swift; sourceTree = "<group>"; };
		CF0431E52773A203008A6FE1 /* Assets.xcassets */ = {isa = PBXFileReference; lastKnownFileType = folder.assetcatalog; path = Assets.xcassets; sourceTree = "<group>"; };
		CF0431E82773A203008A6FE1 /* Preview Assets.xcassets */ = {isa = PBXFileReference; lastKnownFileType = folder.assetcatalog; path = "Preview Assets.xcassets"; sourceTree = "<group>"; };
		CF0431EF2773A266008A6FE1 /* AttributedStringIPAView.swift */ = {isa = PBXFileReference; lastKnownFileType = sourcecode.swift; path = AttributedStringIPAView.swift; sourceTree = "<group>"; };
		CF0431F72773A538008A6FE1 /* AttributedStringFeedbackWidgetExtension.appex */ = {isa = PBXFileReference; explicitFileType = "wrapper.app-extension"; includeInIndex = 0; path = AttributedStringFeedbackWidgetExtension.appex; sourceTree = BUILT_PRODUCTS_DIR; };
		CF0431F92773A538008A6FE1 /* WidgetKit.framework */ = {isa = PBXFileReference; lastKnownFileType = wrapper.framework; name = WidgetKit.framework; path = System/Library/Frameworks/WidgetKit.framework; sourceTree = SDKROOT; };
		CF0431FB2773A538008A6FE1 /* SwiftUI.framework */ = {isa = PBXFileReference; lastKnownFileType = wrapper.framework; name = SwiftUI.framework; path = System/Library/Frameworks/SwiftUI.framework; sourceTree = SDKROOT; };
		CF0431FE2773A538008A6FE1 /* AttributedStringFeedbackWidget.swift */ = {isa = PBXFileReference; lastKnownFileType = sourcecode.swift; path = AttributedStringFeedbackWidget.swift; sourceTree = "<group>"; };
		CF0432002773A538008A6FE1 /* AttributedStringFeedbackWidget.intentdefinition */ = {isa = PBXFileReference; lastKnownFileType = file.intentdefinition; path = AttributedStringFeedbackWidget.intentdefinition; sourceTree = "<group>"; };
		CF0432012773A53A008A6FE1 /* Assets.xcassets */ = {isa = PBXFileReference; lastKnownFileType = folder.assetcatalog; path = Assets.xcassets; sourceTree = "<group>"; };
		CF0432032773A53A008A6FE1 /* Info.plist */ = {isa = PBXFileReference; lastKnownFileType = text.plist.xml; path = Info.plist; sourceTree = "<group>"; };
		CF0432102773AE27008A6FE1 /* BrokenCharacters.swift */ = {isa = PBXFileReference; lastKnownFileType = sourcecode.swift; path = BrokenCharacters.swift; sourceTree = "<group>"; };
		CF0432122773B789008A6FE1 /* AttributedStringIPAWidgetView.swift */ = {isa = PBXFileReference; lastKnownFileType = sourcecode.swift; path = AttributedStringIPAWidgetView.swift; sourceTree = "<group>"; };
/* End PBXFileReference section */

/* Begin PBXFrameworksBuildPhase section */
		CF0431DB2773A202008A6FE1 /* Frameworks */ = {
			isa = PBXFrameworksBuildPhase;
			buildActionMask = 2147483647;
			files = (
			);
			runOnlyForDeploymentPostprocessing = 0;
		};
		CF0431F42773A538008A6FE1 /* Frameworks */ = {
			isa = PBXFrameworksBuildPhase;
			buildActionMask = 2147483647;
			files = (
				CF0431FC2773A538008A6FE1 /* SwiftUI.framework in Frameworks */,
				CF0431FA2773A538008A6FE1 /* WidgetKit.framework in Frameworks */,
			);
			runOnlyForDeploymentPostprocessing = 0;
		};
/* End PBXFrameworksBuildPhase section */

/* Begin PBXGroup section */
		CF0431D52773A201008A6FE1 = {
			isa = PBXGroup;
			children = (
				CF0431E02773A202008A6FE1 /* AttributedStringFeedback */,
				CF0431FD2773A538008A6FE1 /* AttributedStringFeedbackWidget */,
				CF0431F82773A538008A6FE1 /* Frameworks */,
				CF0431DF2773A202008A6FE1 /* Products */,
			);
			sourceTree = "<group>";
		};
		CF0431DF2773A202008A6FE1 /* Products */ = {
			isa = PBXGroup;
			children = (
				CF0431DE2773A202008A6FE1 /* AttributedStringFeedback.app */,
				CF0431F72773A538008A6FE1 /* AttributedStringFeedbackWidgetExtension.appex */,
			);
			name = Products;
			sourceTree = "<group>";
		};
		CF0431E02773A202008A6FE1 /* AttributedStringFeedback */ = {
			isa = PBXGroup;
			children = (
				CF0431E12773A202008A6FE1 /* AttributedStringFeedbackApp.swift */,
				CF0431E32773A202008A6FE1 /* ContentView.swift */,
				CF0431EF2773A266008A6FE1 /* AttributedStringIPAView.swift */,
				CF0432102773AE27008A6FE1 /* BrokenCharacters.swift */,
				CF0431E52773A203008A6FE1 /* Assets.xcassets */,
				CF0431E72773A203008A6FE1 /* Preview Content */,
			);
			path = AttributedStringFeedback;
			sourceTree = "<group>";
		};
		CF0431E72773A203008A6FE1 /* Preview Content */ = {
			isa = PBXGroup;
			children = (
				CF0431E82773A203008A6FE1 /* Preview Assets.xcassets */,
			);
			path = "Preview Content";
			sourceTree = "<group>";
		};
		CF0431F82773A538008A6FE1 /* Frameworks */ = {
			isa = PBXGroup;
			children = (
				CF0431F92773A538008A6FE1 /* WidgetKit.framework */,
				CF0431FB2773A538008A6FE1 /* SwiftUI.framework */,
			);
			name = Frameworks;
			sourceTree = "<group>";
		};
		CF0431FD2773A538008A6FE1 /* AttributedStringFeedbackWidget */ = {
			isa = PBXGroup;
			children = (
				CF0431FE2773A538008A6FE1 /* AttributedStringFeedbackWidget.swift */,
				CF0432122773B789008A6FE1 /* AttributedStringIPAWidgetView.swift */,
				CF0432002773A538008A6FE1 /* AttributedStringFeedbackWidget.intentdefinition */,
				CF0432012773A53A008A6FE1 /* Assets.xcassets */,
				CF0432032773A53A008A6FE1 /* Info.plist */,
			);
			path = AttributedStringFeedbackWidget;
			sourceTree = "<group>";
		};
/* End PBXGroup section */

/* Begin PBXNativeTarget section */
		CF0431DD2773A202008A6FE1 /* AttributedStringFeedback */ = {
			isa = PBXNativeTarget;
			buildConfigurationList = CF0431EC2773A203008A6FE1 /* Build configuration list for PBXNativeTarget "AttributedStringFeedback" */;
			buildPhases = (
				CF0431DA2773A202008A6FE1 /* Sources */,
				CF0431DB2773A202008A6FE1 /* Frameworks */,
				CF0431DC2773A202008A6FE1 /* Resources */,
				CF04320C2773A53A008A6FE1 /* Embed App Extensions */,
			);
			buildRules = (
			);
			dependencies = (
				CF0432072773A53A008A6FE1 /* PBXTargetDependency */,
			);
			name = AttributedStringFeedback;
			productName = AttributedStringFeedback;
			productReference = CF0431DE2773A202008A6FE1 /* AttributedStringFeedback.app */;
			productType = "com.apple.product-type.application";
		};
		CF0431F62773A538008A6FE1 /* AttributedStringFeedbackWidgetExtension */ = {
			isa = PBXNativeTarget;
			buildConfigurationList = CF0432092773A53A008A6FE1 /* Build configuration list for PBXNativeTarget "AttributedStringFeedbackWidgetExtension" */;
			buildPhases = (
				CF0431F32773A538008A6FE1 /* Sources */,
				CF0431F42773A538008A6FE1 /* Frameworks */,
				CF0431F52773A538008A6FE1 /* Resources */,
			);
			buildRules = (
			);
			dependencies = (
			);
			name = AttributedStringFeedbackWidgetExtension;
			productName = AttributedStringFeedbackWidgetExtension;
			productReference = CF0431F72773A538008A6FE1 /* AttributedStringFeedbackWidgetExtension.appex */;
			productType = "com.apple.product-type.app-extension";
		};
/* End PBXNativeTarget section */

/* Begin PBXProject section */
		CF0431D62773A201008A6FE1 /* Project object */ = {
			isa = PBXProject;
			attributes = {
				BuildIndependentTargetsInParallel = 1;
				LastSwiftUpdateCheck = 1320;
				LastUpgradeCheck = 1320;
				TargetAttributes = {
					CF0431DD2773A202008A6FE1 = {
						CreatedOnToolsVersion = 13.2.1;
					};
					CF0431F62773A538008A6FE1 = {
						CreatedOnToolsVersion = 13.2.1;
					};
				};
			};
			buildConfigurationList = CF0431D92773A201008A6FE1 /* Build configuration list for PBXProject "AttributedStringFeedback" */;
			compatibilityVersion = "Xcode 13.0";
			developmentRegion = en;
			hasScannedForEncodings = 0;
			knownRegions = (
				en,
				Base,
			);
			mainGroup = CF0431D52773A201008A6FE1;
			productRefGroup = CF0431DF2773A202008A6FE1 /* Products */;
			projectDirPath = "";
			projectRoot = "";
			targets = (
				CF0431DD2773A202008A6FE1 /* AttributedStringFeedback */,
				CF0431F62773A538008A6FE1 /* AttributedStringFeedbackWidgetExtension */,
			);
		};
/* End PBXProject section */

/* Begin PBXResourcesBuildPhase section */
		CF0431DC2773A202008A6FE1 /* Resources */ = {
			isa = PBXResourcesBuildPhase;
			buildActionMask = 2147483647;
			files = (
				CF0431E92773A203008A6FE1 /* Preview Assets.xcassets in Resources */,
				CF0431E62773A203008A6FE1 /* Assets.xcassets in Resources */,
			);
			runOnlyForDeploymentPostprocessing = 0;
		};
		CF0431F52773A538008A6FE1 /* Resources */ = {
			isa = PBXResourcesBuildPhase;
			buildActionMask = 2147483647;
			files = (
				CF0432022773A53A008A6FE1 /* Assets.xcassets in Resources */,
			);
			runOnlyForDeploymentPostprocessing = 0;
		};
/* End PBXResourcesBuildPhase section */

/* Begin PBXSourcesBuildPhase section */
		CF0431DA2773A202008A6FE1 /* Sources */ = {
			isa = PBXSourcesBuildPhase;
			buildActionMask = 2147483647;
			files = (
				CF0432052773A53A008A6FE1 /* AttributedStringFeedbackWidget.intentdefinition in Sources */,
				CF0431E42773A202008A6FE1 /* ContentView.swift in Sources */,
				CF0431F02773A266008A6FE1 /* AttributedStringIPAView.swift in Sources */,
				CF0432112773AE27008A6FE1 /* BrokenCharacters.swift in Sources */,
				CF0431E22773A202008A6FE1 /* AttributedStringFeedbackApp.swift in Sources */,
			);
			runOnlyForDeploymentPostprocessing = 0;
		};
		CF0431F32773A538008A6FE1 /* Sources */ = {
			isa = PBXSourcesBuildPhase;
			buildActionMask = 2147483647;
			files = (
				CF0432132773B799008A6FE1 /* AttributedStringIPAWidgetView.swift in Sources */,
				CF0432042773A53A008A6FE1 /* AttributedStringFeedbackWidget.intentdefinition in Sources */,
				CF0431FF2773A538008A6FE1 /* AttributedStringFeedbackWidget.swift in Sources */,
			);
			runOnlyForDeploymentPostprocessing = 0;
		};
/* End PBXSourcesBuildPhase section */

/* Begin PBXTargetDependency section */
		CF0432072773A53A008A6FE1 /* PBXTargetDependency */ = {
			isa = PBXTargetDependency;
			target = CF0431F62773A538008A6FE1 /* AttributedStringFeedbackWidgetExtension */;
			targetProxy = CF0432062773A53A008A6FE1 /* PBXContainerItemProxy */;
		};
/* End PBXTargetDependency section */

/* Begin XCBuildConfiguration section */
		CF0431EA2773A203008A6FE1 /* Debug */ = {
			isa = XCBuildConfiguration;
			buildSettings = {
				ALWAYS_SEARCH_USER_PATHS = NO;
				CLANG_ANALYZER_NONNULL = YES;
				CLANG_ANALYZER_NUMBER_OBJECT_CONVERSION = YES_AGGRESSIVE;
				CLANG_CXX_LANGUAGE_STANDARD = "gnu++17";
				CLANG_CXX_LIBRARY = "libc++";
				CLANG_ENABLE_MODULES = YES;
				CLANG_ENABLE_OBJC_ARC = YES;
				CLANG_ENABLE_OBJC_WEAK = YES;
				CLANG_WARN_BLOCK_CAPTURE_AUTORELEASING = YES;
				CLANG_WARN_BOOL_CONVERSION = YES;
				CLANG_WARN_COMMA = YES;
				CLANG_WARN_CONSTANT_CONVERSION = YES;
				CLANG_WARN_DEPRECATED_OBJC_IMPLEMENTATIONS = YES;
				CLANG_WARN_DIRECT_OBJC_ISA_USAGE = YES_ERROR;
				CLANG_WARN_DOCUMENTATION_COMMENTS = YES;
				CLANG_WARN_EMPTY_BODY = YES;
				CLANG_WARN_ENUM_CONVERSION = YES;
				CLANG_WARN_INFINITE_RECURSION = YES;
				CLANG_WARN_INT_CONVERSION = YES;
				CLANG_WARN_NON_LITERAL_NULL_CONVERSION = YES;
				CLANG_WARN_OBJC_IMPLICIT_RETAIN_SELF = YES;
				CLANG_WARN_OBJC_LITERAL_CONVERSION = YES;
				CLANG_WARN_OBJC_ROOT_CLASS = YES_ERROR;
				CLANG_WARN_QUOTED_INCLUDE_IN_FRAMEWORK_HEADER = YES;
				CLANG_WARN_RANGE_LOOP_ANALYSIS = YES;
				CLANG_WARN_STRICT_PROTOTYPES = YES;
				CLANG_WARN_SUSPICIOUS_MOVE = YES;
				CLANG_WARN_UNGUARDED_AVAILABILITY = YES_AGGRESSIVE;
				CLANG_WARN_UNREACHABLE_CODE = YES;
				CLANG_WARN__DUPLICATE_METHOD_MATCH = YES;
				COPY_PHASE_STRIP = NO;
				DEBUG_INFORMATION_FORMAT = dwarf;
				ENABLE_STRICT_OBJC_MSGSEND = YES;
				ENABLE_TESTABILITY = YES;
				GCC_C_LANGUAGE_STANDARD = gnu11;
				GCC_DYNAMIC_NO_PIC = NO;
				GCC_NO_COMMON_BLOCKS = YES;
				GCC_OPTIMIZATION_LEVEL = 0;
				GCC_PREPROCESSOR_DEFINITIONS = (
					"DEBUG=1",
					"$(inherited)",
				);
				GCC_WARN_64_TO_32_BIT_CONVERSION = YES;
				GCC_WARN_ABOUT_RETURN_TYPE = YES_ERROR;
				GCC_WARN_UNDECLARED_SELECTOR = YES;
				GCC_WARN_UNINITIALIZED_AUTOS = YES_AGGRESSIVE;
				GCC_WARN_UNUSED_FUNCTION = YES;
				GCC_WARN_UNUSED_VARIABLE = YES;
				IPHONEOS_DEPLOYMENT_TARGET = 15.2;
				MTL_ENABLE_DEBUG_INFO = INCLUDE_SOURCE;
				MTL_FAST_MATH = YES;
				ONLY_ACTIVE_ARCH = YES;
				SDKROOT = iphoneos;
				SWIFT_ACTIVE_COMPILATION_CONDITIONS = DEBUG;
				SWIFT_OPTIMIZATION_LEVEL = "-Onone";
			};
			name = Debug;
		};
		CF0431EB2773A203008A6FE1 /* Release */ = {
			isa = XCBuildConfiguration;
			buildSettings = {
				ALWAYS_SEARCH_USER_PATHS = NO;
				CLANG_ANALYZER_NONNULL = YES;
				CLANG_ANALYZER_NUMBER_OBJECT_CONVERSION = YES_AGGRESSIVE;
				CLANG_CXX_LANGUAGE_STANDARD = "gnu++17";
				CLANG_CXX_LIBRARY = "libc++";
				CLANG_ENABLE_MODULES = YES;
				CLANG_ENABLE_OBJC_ARC = YES;
				CLANG_ENABLE_OBJC_WEAK = YES;
				CLANG_WARN_BLOCK_CAPTURE_AUTORELEASING = YES;
				CLANG_WARN_BOOL_CONVERSION = YES;
				CLANG_WARN_COMMA = YES;
				CLANG_WARN_CONSTANT_CONVERSION = YES;
				CLANG_WARN_DEPRECATED_OBJC_IMPLEMENTATIONS = YES;
				CLANG_WARN_DIRECT_OBJC_ISA_USAGE = YES_ERROR;
				CLANG_WARN_DOCUMENTATION_COMMENTS = YES;
				CLANG_WARN_EMPTY_BODY = YES;
				CLANG_WARN_ENUM_CONVERSION = YES;
				CLANG_WARN_INFINITE_RECURSION = YES;
				CLANG_WARN_INT_CONVERSION = YES;
				CLANG_WARN_NON_LITERAL_NULL_CONVERSION = YES;
				CLANG_WARN_OBJC_IMPLICIT_RETAIN_SELF = YES;
				CLANG_WARN_OBJC_LITERAL_CONVERSION = YES;
				CLANG_WARN_OBJC_ROOT_CLASS = YES_ERROR;
				CLANG_WARN_QUOTED_INCLUDE_IN_FRAMEWORK_HEADER = YES;
				CLANG_WARN_RANGE_LOOP_ANALYSIS = YES;
				CLANG_WARN_STRICT_PROTOTYPES = YES;
				CLANG_WARN_SUSPICIOUS_MOVE = YES;
				CLANG_WARN_UNGUARDED_AVAILABILITY = YES_AGGRESSIVE;
				CLANG_WARN_UNREACHABLE_CODE = YES;
				CLANG_WARN__DUPLICATE_METHOD_MATCH = YES;
				COPY_PHASE_STRIP = NO;
				DEBUG_INFORMATION_FORMAT = "dwarf-with-dsym";
				ENABLE_NS_ASSERTIONS = NO;
				ENABLE_STRICT_OBJC_MSGSEND = YES;
				GCC_C_LANGUAGE_STANDARD = gnu11;
				GCC_NO_COMMON_BLOCKS = YES;
				GCC_WARN_64_TO_32_BIT_CONVERSION = YES;
				GCC_WARN_ABOUT_RETURN_TYPE = YES_ERROR;
				GCC_WARN_UNDECLARED_SELECTOR = YES;
				GCC_WARN_UNINITIALIZED_AUTOS = YES_AGGRESSIVE;
				GCC_WARN_UNUSED_FUNCTION = YES;
				GCC_WARN_UNUSED_VARIABLE = YES;
				IPHONEOS_DEPLOYMENT_TARGET = 15.2;
				MTL_ENABLE_DEBUG_INFO = NO;
				MTL_FAST_MATH = YES;
				SDKROOT = iphoneos;
				SWIFT_COMPILATION_MODE = wholemodule;
				SWIFT_OPTIMIZATION_LEVEL = "-O";
				VALIDATE_PRODUCT = YES;
			};
			name = Release;
		};
		CF0431ED2773A203008A6FE1 /* Debug */ = {
			isa = XCBuildConfiguration;
			buildSettings = {
				ALWAYS_EMBED_SWIFT_STANDARD_LIBRARIES = YES;
				ASSETCATALOG_COMPILER_APPICON_NAME = AppIcon;
				ASSETCATALOG_COMPILER_GLOBAL_ACCENT_COLOR_NAME = AccentColor;
				CODE_SIGN_STYLE = Automatic;
				CURRENT_PROJECT_VERSION = 1;
				DEVELOPMENT_ASSET_PATHS = "\"AttributedStringFeedback/Preview Content\"";
				DEVELOPMENT_TEAM = 97423JQ8B9;
				ENABLE_PREVIEWS = YES;
				GENERATE_INFOPLIST_FILE = YES;
				INFOPLIST_KEY_UIApplicationSceneManifest_Generation = YES;
				INFOPLIST_KEY_UIApplicationSupportsIndirectInputEvents = YES;
				INFOPLIST_KEY_UILaunchScreen_Generation = YES;
				INFOPLIST_KEY_UISupportedInterfaceOrientations_iPad = "UIInterfaceOrientationPortrait UIInterfaceOrientationPortraitUpsideDown UIInterfaceOrientationLandscapeLeft UIInterfaceOrientationLandscapeRight";
				INFOPLIST_KEY_UISupportedInterfaceOrientations_iPhone = "UIInterfaceOrientationPortrait UIInterfaceOrientationLandscapeLeft UIInterfaceOrientationLandscapeRight";
				LD_RUNPATH_SEARCH_PATHS = (
					"$(inherited)",
					"@executable_path/Frameworks",
				);
				MARKETING_VERSION = 1.0;
				PRODUCT_BUNDLE_IDENTIFIER = com.abetterwaytodo.AttributedStringFeedback;
				PRODUCT_NAME = "$(TARGET_NAME)";
				SWIFT_EMIT_LOC_STRINGS = YES;
				SWIFT_VERSION = 5.0;
				TARGETED_DEVICE_FAMILY = "1,2";
			};
			name = Debug;
		};
		CF0431EE2773A203008A6FE1 /* Release */ = {
			isa = XCBuildConfiguration;
			buildSettings = {
				ALWAYS_EMBED_SWIFT_STANDARD_LIBRARIES = YES;
				ASSETCATALOG_COMPILER_APPICON_NAME = AppIcon;
				ASSETCATALOG_COMPILER_GLOBAL_ACCENT_COLOR_NAME = AccentColor;
				CODE_SIGN_STYLE = Automatic;
				CURRENT_PROJECT_VERSION = 1;
				DEVELOPMENT_ASSET_PATHS = "\"AttributedStringFeedback/Preview Content\"";
				DEVELOPMENT_TEAM = 97423JQ8B9;
				ENABLE_PREVIEWS = YES;
				GENERATE_INFOPLIST_FILE = YES;
				INFOPLIST_KEY_UIApplicationSceneManifest_Generation = YES;
				INFOPLIST_KEY_UIApplicationSupportsIndirectInputEvents = YES;
				INFOPLIST_KEY_UILaunchScreen_Generation = YES;
				INFOPLIST_KEY_UISupportedInterfaceOrientations_iPad = "UIInterfaceOrientationPortrait UIInterfaceOrientationPortraitUpsideDown UIInterfaceOrientationLandscapeLeft UIInterfaceOrientationLandscapeRight";
				INFOPLIST_KEY_UISupportedInterfaceOrientations_iPhone = "UIInterfaceOrientationPortrait UIInterfaceOrientationLandscapeLeft UIInterfaceOrientationLandscapeRight";
				LD_RUNPATH_SEARCH_PATHS = (
					"$(inherited)",
					"@executable_path/Frameworks",
				);
				MARKETING_VERSION = 1.0;
				PRODUCT_BUNDLE_IDENTIFIER = com.abetterwaytodo.AttributedStringFeedback;
				PRODUCT_NAME = "$(TARGET_NAME)";
				SWIFT_EMIT_LOC_STRINGS = YES;
				SWIFT_VERSION = 5.0;
				TARGETED_DEVICE_FAMILY = "1,2";
			};
			name = Release;
		};
		CF04320A2773A53A008A6FE1 /* Debug */ = {
			isa = XCBuildConfiguration;
			buildSettings = {
				ASSETCATALOG_COMPILER_GLOBAL_ACCENT_COLOR_NAME = AccentColor;
				ASSETCATALOG_COMPILER_WIDGET_BACKGROUND_COLOR_NAME = WidgetBackground;
				CODE_SIGN_STYLE = Automatic;
				CURRENT_PROJECT_VERSION = 1;
				DEVELOPMENT_TEAM = 97423JQ8B9;
				GENERATE_INFOPLIST_FILE = YES;
				INFOPLIST_FILE = AttributedStringFeedbackWidget/Info.plist;
				INFOPLIST_KEY_CFBundleDisplayName = AttributedStringFeedbackWidget;
				INFOPLIST_KEY_NSHumanReadableCopyright = "";
				LD_RUNPATH_SEARCH_PATHS = (
					"$(inherited)",
					"@executable_path/Frameworks",
					"@executable_path/../../Frameworks",
				);
				MARKETING_VERSION = 1.0;
				PRODUCT_BUNDLE_IDENTIFIER = com.abetterwaytodo.AttributedStringFeedback.AttributedStringFeedbackWidget;
				PRODUCT_NAME = "$(TARGET_NAME)";
				SKIP_INSTALL = YES;
				SWIFT_EMIT_LOC_STRINGS = YES;
				SWIFT_VERSION = 5.0;
				TARGETED_DEVICE_FAMILY = "1,2";
			};
			name = Debug;
		};
		CF04320B2773A53A008A6FE1 /* Release */ = {
			isa = XCBuildConfiguration;
			buildSettings = {
				ASSETCATALOG_COMPILER_GLOBAL_ACCENT_COLOR_NAME = AccentColor;
				ASSETCATALOG_COMPILER_WIDGET_BACKGROUND_COLOR_NAME = WidgetBackground;
				CODE_SIGN_STYLE = Automatic;
				CURRENT_PROJECT_VERSION = 1;
				DEVELOPMENT_TEAM = 97423JQ8B9;
				GENERATE_INFOPLIST_FILE = YES;
				INFOPLIST_FILE = AttributedStringFeedbackWidget/Info.plist;
				INFOPLIST_KEY_CFBundleDisplayName = AttributedStringFeedbackWidget;
				INFOPLIST_KEY_NSHumanReadableCopyright = "";
				LD_RUNPATH_SEARCH_PATHS = (
					"$(inherited)",
					"@executable_path/Frameworks",
					"@executable_path/../../Frameworks",
				);
				MARKETING_VERSION = 1.0;
				PRODUCT_BUNDLE_IDENTIFIER = com.abetterwaytodo.AttributedStringFeedback.AttributedStringFeedbackWidget;
				PRODUCT_NAME = "$(TARGET_NAME)";
				SKIP_INSTALL = YES;
				SWIFT_EMIT_LOC_STRINGS = YES;
				SWIFT_VERSION = 5.0;
				TARGETED_DEVICE_FAMILY = "1,2";
			};
			name = Release;
		};
/* End XCBuildConfiguration section */

/* Begin XCConfigurationList section */
		CF0431D92773A201008A6FE1 /* Build configuration list for PBXProject "AttributedStringFeedback" */ = {
			isa = XCConfigurationList;
			buildConfigurations = (
				CF0431EA2773A203008A6FE1 /* Debug */,
				CF0431EB2773A203008A6FE1 /* Release */,
			);
			defaultConfigurationIsVisible = 0;
			defaultConfigurationName = Release;
		};
		CF0431EC2773A203008A6FE1 /* Build configuration list for PBXNativeTarget "AttributedStringFeedback" */ = {
			isa = XCConfigurationList;
			buildConfigurations = (
				CF0431ED2773A203008A6FE1 /* Debug */,
				CF0431EE2773A203008A6FE1 /* Release */,
			);
			defaultConfigurationIsVisible = 0;
			defaultConfigurationName = Release;
		};
		CF0432092773A53A008A6FE1 /* Build configuration list for PBXNativeTarget "AttributedStringFeedbackWidgetExtension" */ = {
			isa = XCConfigurationList;
			buildConfigurations = (
				CF04320A2773A53A008A6FE1 /* Debug */,
				CF04320B2773A53A008A6FE1 /* Release */,
			);
			defaultConfigurationIsVisible = 0;
			defaultConfigurationName = Release;
		};
/* End XCConfigurationList section */
	};
	rootObject = CF0431D62773A201008A6FE1 /* Project object */;
}
